// !$*UTF8*$!
{
	archiveVersion = 1;
	classes = {
	};
	objectVersion = 56;
	objects = {

/* Begin PBXBuildFile section */
		39817946BD614BBEA44252A0 /* Test12App.swift in Sources */ = {isa = PBXBuildFile; fileRef = DE0731BAC1C4408F8DBB2D7E /* Test12App.swift */; };
		5B65B5CEE05F45AAB3B6CD2F /* ContentView.swift in Sources */ = {isa = PBXBuildFile; fileRef = D51DC3A555CF44A3916B32F1 /* ContentView.swift */; };
/* End PBXBuildFile section */

/* Begin PBXFileReference section */
		DE0731BAC1C4408F8DBB2D7E /* Test12App.swift */ = {isa = PBXFileReference; lastKnownFileType = sourcecode.swift; path = "Test12App.swift"; sourceTree = "<group>"; };
		D51DC3A555CF44A3916B32F1 /* ContentView.swift */ = {isa = PBXFileReference; lastKnownFileType = sourcecode.swift; path = ContentView.swift; sourceTree = "<group>"; };
		F9AAF18FEDDE494A927367D8 /* Test12.app */ = {isa = PBXFileReference; explicitFileType = wrapper.application; includeInIndex = 0; path = "Test12.app"; sourceTree = BUILT_PRODUCTS_DIR; };
/* End PBXFileReference section */

/* Begin PBXGroup section */
		C4071BA0F3EC4FF9ADB7AD19 = {
			isa = PBXGroup;
			children = (
				F1C41758CE68463E8CB18870 /* Test12 */,
				E24F7AC51B6C405A955EC282 /* Products */,
			);
			sourceTree = "<group>";
		};
		F1C41758CE68463E8CB18870 /* Test12 */ = {
			isa = PBXGroup;
			children = (
				DE0731BAC1C4408F8DBB2D7E /* Test12App.swift */,
				D51DC3A555CF44A3916B32F1 /* ContentView.swift */,
			);
			path = Test12;
			sourceTree = "<group>";
		};
		E24F7AC51B6C405A955EC282 /* Products */ = {
			isa = PBXGroup;
			children = (
				F9AAF18FEDDE494A927367D8 /* Test12.app */,
			);
			name = Products;
			sourceTree = "<group>";
		};
/* End PBXGroup section */

/* Begin PBXNativeTarget section */
		F919682F4D464FA79507D8E2 /* Test12 */ = {
			isa = PBXNativeTarget;
			buildConfigurationList = 20769D44AD354B5499E58DA1 /* Build configuration list for PBXNativeTarget "Test12" */;
			buildPhases = (
				3EA678BEFCB54B688ADE0265 /* Sources */,
			);
			buildRules = (
			);
			dependencies = (
			);
			name = Test12;
			productName = Test12;
			productReference = F9AAF18FEDDE494A927367D8 /* Test12.app */;
			productType = "com.apple.product-type.application";
		};
/* End PBXNativeTarget section */

/* Begin PBXProject section */
		6FDF7649B333440F9DA28F1F /* Project object */ = {
			isa = PBXProject;
			attributes = {
				BuildIndependentTargetsInParallel = 1;
				LastSwiftUpdateCheck = 1500;
				LastUpgradeCheck = 1500;
				TargetAttributes = {
					F919682F4D464FA79507D8E2 = {
						CreatedOnToolsVersion = 15.0;
					};
				};
			};
			buildConfigurationList = 3B4B89972CFD42D98C85A49E /* Build configuration list for PBXProject "Test12" */;
			compatibilityVersion = "Xcode 14.0";
			developmentRegion = en;
			hasScannedForEncodings = 0;
			knownRegions = (
				en,
				Base,
			);
			mainGroup = C4071BA0F3EC4FF9ADB7AD19;
			productRefGroup = E24F7AC51B6C405A955EC282 /* Products */;
			projectDirPath = "";
			projectRoot = "";
			targets = (
				F919682F4D464FA79507D8E2 /* Test12 */,
			);
		};
/* End PBXProject section */

/* Begin PBXSourcesBuildPhase section */
		3EA678BEFCB54B688ADE0265 /* Sources */ = {
			isa = PBXSourcesBuildPhase;
			buildActionMask = 2147483647;
			files = (
				39817946BD614BBEA44252A0 /* Test12App.swift in Sources */,
				5B65B5CEE05F45AAB3B6CD2F /* ContentView.swift in Sources */,
			);
			runOnlyForDeploymentPostprocessing = 0;
		};
/* End PBXSourcesBuildPhase section */

/* Begin XCBuildConfiguration section */
		A0D125E0BC3B476EBC145577 /* Debug */ = {
			isa = XCBuildConfiguration;
			buildSettings = {
				ALWAYS_SEARCH_USER_PATHS = NO;
				CLANG_ENABLE_MODULES = YES;
				CLANG_ENABLE_OBJC_ARC = YES;
				COPY_PHASE_STRIP = NO;
				DEBUG_INFORMATION_FORMAT = dwarf;
				ENABLE_STRICT_OBJC_MSGSEND = YES;
				ENABLE_TESTABILITY = YES;
				GCC_DYNAMIC_NO_PIC = NO;
				GCC_OPTIMIZATION_LEVEL = 0;
				GCC_PREPROCESSOR_DEFINITIONS = (
					"DEBUG=1",
					"$(inherited)",
				);
				MTL_ENABLE_DEBUG_INFO = INCLUDE_SOURCE;
				MTL_FAST_MATH = YES;
				ONLY_ACTIVE_ARCH = YES;
				SDKROOT = iphoneos;
				SWIFT_ACTIVE_COMPILATION_CONDITIONS = DEBUG;
				SWIFT_OPTIMIZATION_LEVEL = "-Onone";
			};
			name = Debug;
		};
		C0BEEAEA612F4EC4A2B8EEF5 /* Release */ = {
			isa = XCBuildConfiguration;
			buildSettings = {
				ALWAYS_SEARCH_USER_PATHS = NO;
				CLANG_ENABLE_MODULES = YES;
				CLANG_ENABLE_OBJC_ARC = YES;
				COPY_PHASE_STRIP = NO;
				DEBUG_INFORMATION_FORMAT = "dwarf-with-dsym";
				ENABLE_NS_ASSERTIONS = NO;
				ENABLE_STRICT_OBJC_MSGSEND = YES;
				GCC_OPTIMIZATION_LEVEL = s;
				MTL_ENABLE_DEBUG_INFO = NO;
				MTL_FAST_MATH = YES;
				SDKROOT = iphoneos;
				SWIFT_COMPILATION_MODE = wholemodule;
				SWIFT_OPTIMIZATION_LEVEL = "-O";
				VALIDATE_PRODUCT = YES;
			};
			name = Release;
		};
		92DFAE9360AC462BADA93D36 /* Debug */ = {
			isa = XCBuildConfiguration;
			buildSettings = {
				ASSETCATALOG_COMPILER_APPICON_NAME = AppIcon;
				CODE_SIGN_STYLE = Automatic;
				CURRENT_PROJECT_VERSION = 1;
				DEVELOPMENT_TEAM = "";
				GENERATE_INFOPLIST_FILE = YES;
				INFOPLIST_KEY_UIApplicationSceneManifest_Generation = YES;
				INFOPLIST_KEY_UIApplicationSupportsIndirectInputEvents = YES;
				INFOPLIST_KEY_UILaunchScreen_Generation = YES;
				INFOPLIST_KEY_UISupportedInterfaceOrientations_iPad = "UIInterfaceOrientationPortrait UIInterfaceOrientationPortraitUpsideDown UIInterfaceOrientationLandscapeLeft UIInterfaceOrientationLandscapeRight";
				INFOPLIST_KEY_UISupportedInterfaceOrientations_iPhone = "UIInterfaceOrientationPortrait UIInterfaceOrientationLandscapeLeft UIInterfaceOrientationLandscapeRight";
				IPHONEOS_DEPLOYMENT_TARGET = 17.0;
				LD_RUNPATH_SEARCH_PATHS = (
					"$(inherited)",
					"@executable_path/Frameworks",
				);
				MARKETING_VERSION = 1.0;
				PRODUCT_BUNDLE_IDENTIFIER = "com.vibuilder.test12";
				PRODUCT_NAME = "$(TARGET_NAME)";
				SWIFT_EMIT_LOC_STRINGS = YES;
				SWIFT_VERSION = 5.0;
				TARGETED_DEVICE_FAMILY = "1,2";
			};
			name = Debug;
		};
		87121B86CA624035B8C7815E /* Release */ = {
			isa = XCBuildConfiguration;
			buildSettings = {
				ASSETCATALOG_COMPILER_APPICON_NAME = AppIcon;
				CODE_SIGN_STYLE = Automatic;
				CURRENT_PROJECT_VERSION = 1;
				DEVELOPMENT_TEAM = "";
				GENERATE_INFOPLIST_FILE = YES;
				INFOPLIST_KEY_UIApplicationSceneManifest_Generation = YES;
				INFOPLIST_KEY_UIApplicationSupportsIndirectInputEvents = YES;
				INFOPLIST_KEY_UILaunchScreen_Generation = YES;
				INFOPLIST_KEY_UISupportedInterfaceOrientations_iPad = "UIInterfaceOrientationPortrait UIInterfaceOrientationPortraitUpsideDown UIInterfaceOrientationLandscapeLeft UIInterfaceOrientationLandscapeRight";
				INFOPLIST_KEY_UISupportedInterfaceOrientations_iPhone = "UIInterfaceOrientationPortrait UIInterfaceOrientationLandscapeLeft UIInterfaceOrientationLandscapeRight";
				IPHONEOS_DEPLOYMENT_TARGET = 17.0;
				LD_RUNPATH_SEARCH_PATHS = (
					"$(inherited)",
					"@executable_path/Frameworks",
				);
				MARKETING_VERSION = 1.0;
				PRODUCT_BUNDLE_IDENTIFIER = "com.vibuilder.test12";
				PRODUCT_NAME = "$(TARGET_NAME)";
				SWIFT_EMIT_LOC_STRINGS = YES;
				SWIFT_VERSION = 5.0;
				TARGETED_DEVICE_FAMILY = "1,2";
			};
			name = Release;
		};
/* End XCBuildConfiguration section */

/* Begin XCConfigurationList section */
		3B4B89972CFD42D98C85A49E /* Build configuration list for PBXProject "Test12" */ = {
			isa = XCConfigurationList;
			buildConfigurations = (
				A0D125E0BC3B476EBC145577 /* Debug */,
				C0BEEAEA612F4EC4A2B8EEF5 /* Release */,
			);
			defaultConfigurationIsVisible = 0;
			defaultConfigurationName = Release;
		};
		20769D44AD354B5499E58DA1 /* Build configuration list for PBXNativeTarget "Test12" */ = {
			isa = XCConfigurationList;
			buildConfigurations = (
				92DFAE9360AC462BADA93D36 /* Debug */,
				87121B86CA624035B8C7815E /* Release */,
			);
			defaultConfigurationIsVisible = 0;
			defaultConfigurationName = Release;
		};
/* End XCConfigurationList section */
	};
	rootObject = 6FDF7649B333440F9DA28F1F /* Project object */;
}
